
Microsoft Visual Studio Solution File, Format Version 12.00
# Visual Studio Version 17
VisualStudioVersion = 17.14.36401.2
MinimumVisualStudioVersion = 10.0.40219.1
Project("{FAE04EC0-301F-11D3-BF4B-00C04F79EFBC}") = "GenericHttpClientBase", "GenericHttpClientBase\GenericHttpClientBase.csproj", "{207253B9-3DCF-4E23-A1C3-0940CCA65B48}"
EndProject
Project("{FAE04EC0-301F-11D3-BF4B-00C04F79EFBC}") = "ApiServer", "ApiServer\ApiServer.csproj", "{581268EA-AB5E-41E5-8EF9-4C2761DC4CB7}"
EndProject
Project("{FAE04EC0-301F-11D3-BF4B-00C04F79EFBC}") = "BlazorWeb", "BlazorWeb\BlazorWeb.csproj", "{5736A12F-4565-4371-89C8-46FF42708BDC}"
EndProject
Project("{FAE04EC0-301F-11D3-BF4B-00C04F79EFBC}") = "Dtos", "Dtos\Dtos.csproj", "{2DD4A1DF-8F02-40BB-BA21-F59FCD979057}"
EndProject
Project("{2150E333-8FDC-42A3-9474-1A3956D46DE8}") = "Servers", "Servers", "{02EA681E-C7D8-13C7-8484-4AC65E1B71E8}"
EndProject
Project("{2150E333-8FDC-42A3-9474-1A3956D46DE8}") = "Apps", "Apps", "{AC2025F6-7874-4FC2-A128-47D681BCFC5D}"
EndProject
Project("{2150E333-8FDC-42A3-9474-1A3956D46DE8}") = "Shared", "Shared", "{A98F91E1-51A3-4AE1-BED1-8AC55FB80AA2}"
EndProject
Project("{FAE04EC0-301F-11D3-BF4B-00C04F79EFBC}") = "EfCoreServices", "EfCoreServices\EfCoreServices.csproj", "{EA7F83B1-4EEC-4524-82F5-3F0EC55FFF23}"
EndProject
Project("{FAE04EC0-301F-11D3-BF4B-00C04F79EFBC}") = "GenericApiClient", "GenericApiClient\GenericApiClient.csproj", "{E682D8F3-60AB-4A7D-9C5C-B47A02008BA8}"
EndProject
Global
	GlobalSection(SolutionConfigurationPlatforms) = preSolution
		Debug|Any CPU = Debug|Any CPU
		Release|Any CPU = Release|Any CPU
	EndGlobalSection
	GlobalSection(ProjectConfigurationPlatforms) = postSolution
		{207253B9-3DCF-4E23-A1C3-0940CCA65B48}.Debug|Any CPU.ActiveCfg = Debug|Any CPU
		{207253B9-3DCF-4E23-A1C3-0940CCA65B48}.Debug|Any CPU.Build.0 = Debug|Any CPU
		{207253B9-3DCF-4E23-A1C3-0940CCA65B48}.Release|Any CPU.ActiveCfg = Release|Any CPU
		{207253B9-3DCF-4E23-A1C3-0940CCA65B48}.Release|Any CPU.Build.0 = Release|Any CPU
		{581268EA-AB5E-41E5-8EF9-4C2761DC4CB7}.Debug|Any CPU.ActiveCfg = Debug|Any CPU
		{581268EA-AB5E-41E5-8EF9-4C2761DC4CB7}.Debug|Any CPU.Build.0 = Debug|Any CPU
		{581268EA-AB5E-41E5-8EF9-4C2761DC4CB7}.Release|Any CPU.ActiveCfg = Release|Any CPU
		{581268EA-AB5E-41E5-8EF9-4C2761DC4CB7}.Release|Any CPU.Build.0 = Release|Any CPU
		{5736A12F-4565-4371-89C8-46FF42708BDC}.Debug|Any CPU.ActiveCfg = Debug|Any CPU
		{5736A12F-4565-4371-89C8-46FF42708BDC}.Debug|Any CPU.Build.0 = Debug|Any CPU
		{5736A12F-4565-4371-89C8-46FF42708BDC}.Release|Any CPU.ActiveCfg = Release|Any CPU
		{5736A12F-4565-4371-89C8-46FF42708BDC}.Release|Any CPU.Build.0 = Release|Any CPU
		{2DD4A1DF-8F02-40BB-BA21-F59FCD979057}.Debug|Any CPU.ActiveCfg = Debug|Any CPU
		{2DD4A1DF-8F02-40BB-BA21-F59FCD979057}.Debug|Any CPU.Build.0 = Debug|Any CPU
		{2DD4A1DF-8F02-40BB-BA21-F59FCD979057}.Release|Any CPU.ActiveCfg = Release|Any CPU
		{2DD4A1DF-8F02-40BB-BA21-F59FCD979057}.Release|Any CPU.Build.0 = Release|Any CPU
		{EA7F83B1-4EEC-4524-82F5-3F0EC55FFF23}.Debug|Any CPU.ActiveCfg = Debug|Any CPU
		{EA7F83B1-4EEC-4524-82F5-3F0EC55FFF23}.Debug|Any CPU.Build.0 = Debug|Any CPU
		{EA7F83B1-4EEC-4524-82F5-3F0EC55FFF23}.Release|Any CPU.ActiveCfg = Release|Any CPU
		{EA7F83B1-4EEC-4524-82F5-3F0EC55FFF23}.Release|Any CPU.Build.0 = Release|Any CPU
		{E682D8F3-60AB-4A7D-9C5C-B47A02008BA8}.Debug|Any CPU.ActiveCfg = Debug|Any CPU
		{E682D8F3-60AB-4A7D-9C5C-B47A02008BA8}.Debug|Any CPU.Build.0 = Debug|Any CPU
		{E682D8F3-60AB-4A7D-9C5C-B47A02008BA8}.Release|Any CPU.ActiveCfg = Release|Any CPU
		{E682D8F3-60AB-4A7D-9C5C-B47A02008BA8}.Release|Any CPU.Build.0 = Release|Any CPU
	EndGlobalSection
	GlobalSection(SolutionProperties) = preSolution
		HideSolutionNode = FALSE
	EndGlobalSection
	GlobalSection(NestedProjects) = preSolution
		{207253B9-3DCF-4E23-A1C3-0940CCA65B48} = {A98F91E1-51A3-4AE1-BED1-8AC55FB80AA2}
		{581268EA-AB5E-41E5-8EF9-4C2761DC4CB7} = {02EA681E-C7D8-13C7-8484-4AC65E1B71E8}
		{5736A12F-4565-4371-89C8-46FF42708BDC} = {AC2025F6-7874-4FC2-A128-47D681BCFC5D}
		{2DD4A1DF-8F02-40BB-BA21-F59FCD979057} = {A98F91E1-51A3-4AE1-BED1-8AC55FB80AA2}
		{EA7F83B1-4EEC-4524-82F5-3F0EC55FFF23} = {A98F91E1-51A3-4AE1-BED1-8AC55FB80AA2}
		{E682D8F3-60AB-4A7D-9C5C-B47A02008BA8} = {A98F91E1-51A3-4AE1-BED1-8AC55FB80AA2}
	EndGlobalSection
	GlobalSection(ExtensibilityGlobals) = postSolution
		SolutionGuid = {30A45B43-4D2E-4FDA-9BE3-9624D723F6B9}
	EndGlobalSection
EndGlobal
